
Microsoft Visual Studio Solution File, Format Version 12.00
# Visual Studio Version 16
VisualStudioVersion = 16.0.30717.126
MinimumVisualStudioVersion = 10.0.40219.1
Project("{9A19103F-16F7-4668-BE54-9A1E7A4F7556}") = "Lyncas.Api", "Lyncas.Api\Lyncas.Api.csproj", "{DF5C3A4F-07CC-4A4A-B573-F2465DC98376}"
EndProject
Project("{FAE04EC0-301F-11D3-BF4B-00C04F79EFBC}") = "Lyncas.WebApp", "Lyncas.WebApp\Lyncas.WebApp.csproj", "{FB3EB1D6-43E8-4FFF-B600-1CD1F665CA74}"
EndProject
Global
	GlobalSection(SolutionConfigurationPlatforms) = preSolution
		Debug|Any CPU = Debug|Any CPU
		Release|Any CPU = Release|Any CPU
	EndGlobalSection
	GlobalSection(ProjectConfigurationPlatforms) = postSolution
		{DF5C3A4F-07CC-4A4A-B573-F2465DC98376}.Debug|Any CPU.ActiveCfg = Debug|Any CPU
		{DF5C3A4F-07CC-4A4A-B573-F2465DC98376}.Debug|Any CPU.Build.0 = Debug|Any CPU
		{DF5C3A4F-07CC-4A4A-B573-F2465DC98376}.Release|Any CPU.ActiveCfg = Release|Any CPU
		{DF5C3A4F-07CC-4A4A-B573-F2465DC98376}.Release|Any CPU.Build.0 = Release|Any CPU
		{FB3EB1D6-43E8-4FFF-B600-1CD1F665CA74}.Debug|Any CPU.ActiveCfg = Debug|Any CPU
		{FB3EB1D6-43E8-4FFF-B600-1CD1F665CA74}.Debug|Any CPU.Build.0 = Debug|Any CPU
		{FB3EB1D6-43E8-4FFF-B600-1CD1F665CA74}.Release|Any CPU.ActiveCfg = Release|Any CPU
		{FB3EB1D6-43E8-4FFF-B600-1CD1F665CA74}.Release|Any CPU.Build.0 = Release|Any CPU
	EndGlobalSection
	GlobalSection(SolutionProperties) = preSolution
		HideSolutionNode = FALSE
	EndGlobalSection
	GlobalSection(ExtensibilityGlobals) = postSolution
		SolutionGuid = {2A1C7D0A-BBCF-49F9-8C59-5E7548D620C5}
	EndGlobalSection
EndGlobal
